[{<<"base64url">>,
  {git,"https://github.com/dvv/base64url.git",
       {ref,"f2c64ed8b9bebc536fad37ad97243452b674b837"}},
  1},
 {<<"ejwt">>,
  {git,"https://github.com/indigo-dc/ejwt.git",
       {ref,"fee3cd9dbd59e90d71d0b058e6ed842e913a6b48"}},
  0},
 {<<"goldrush">>,
  {git,"git://github.com/DeadZen/goldrush.git",
       {ref,"64864ba7fcf40988361340e48680b49a2c2938cf"}},
  1},
 {<<"jsx">>,
  {git,"https://github.com/talentdeficit/jsx.git",
       {ref,"3074d4865b3385a050badf7828ad31490d860df5"}},
  1},
 {<<"lager">>,
  {git,"https://github.com/basho/lager.git",
       {ref,"599dda6786a81200e00b3d9b4b36951e052727a3"}},
  0}].
